// !$*UTF8*$!
{
	archiveVersion = 1;
	classes = {
	};
	objectVersion = 77;
	objects = {

/* Begin PBXContainerItemProxy section */
		37DA7E082E382885003DF666 /* PBXContainerItemProxy */ = {
			isa = PBXContainerItemProxy;
			containerPortal = 37DA7DF12E382882003DF666 /* Project object */;
			proxyType = 1;
			remoteGlobalIDString = 37DA7DF82E382882003DF666;
			remoteInfo = "Osanyin (Herbal Remedy)";
		};
		37DA7E122E382885003DF666 /* PBXContainerItemProxy */ = {
			isa = PBXContainerItemProxy;
			containerPortal = 37DA7DF12E382882003DF666 /* Project object */;
			proxyType = 1;
			remoteGlobalIDString = 37DA7DF82E382882003DF666;
			remoteInfo = "Osanyin (Herbal Remedy)";
		};
/* End PBXContainerItemProxy section */

/* Begin PBXFileReference section */
		37DA7DF92E382882003DF666 /* Osanyin (Herbal Remedy).app */ = {isa = PBXFileReference; explicitFileType = wrapper.application; includeInIndex = 0; path = "Osanyin (Herbal Remedy).app"; sourceTree = BUILT_PRODUCTS_DIR; };
		37DA7E072E382885003DF666 /* Osanyin (Herbal Remedy)Tests.xctest */ = {isa = PBXFileReference; explicitFileType = wrapper.cfbundle; includeInIndex = 0; path = "Osanyin (Herbal Remedy)Tests.xctest"; sourceTree = BUILT_PRODUCTS_DIR; };
		37DA7E112E382885003DF666 /* Osanyin (Herbal Remedy)UITests.xctest */ = {isa = PBXFileReference; explicitFileType = wrapper.cfbundle; includeInIndex = 0; path = "Osanyin (Herbal Remedy)UITests.xctest"; sourceTree = BUILT_PRODUCTS_DIR; };
/* End PBXFileReference section */

/* Begin PBXFileSystemSynchronizedRootGroup section */
		37DA7DFB2E382882003DF666 /* Osanyin (Herbal Remedy) */ = {
			isa = PBXFileSystemSynchronizedRootGroup;
			path = "Osanyin (Herbal Remedy)";
			sourceTree = "<group>";
		};
		37DA7E0A2E382885003DF666 /* Osanyin (Herbal Remedy)Tests */ = {
			isa = PBXFileSystemSynchronizedRootGroup;
			path = "Osanyin (Herbal Remedy)Tests";
			sourceTree = "<group>";
		};
		37DA7E142E382885003DF666 /* Osanyin (Herbal Remedy)UITests */ = {
			isa = PBXFileSystemSynchronizedRootGroup;
			path = "Osanyin (Herbal Remedy)UITests";
			sourceTree = "<group>";
		};
/* End PBXFileSystemSynchronizedRootGroup section */

/* Begin PBXFrameworksBuildPhase section */
		37DA7DF62E382882003DF666 /* Frameworks */ = {
			isa = PBXFrameworksBuildPhase;
			buildActionMask = 2147483647;
			files = (
			);
			runOnlyForDeploymentPostprocessing = 0;
		};
		37DA7E042E382885003DF666 /* Frameworks */ = {
			isa = PBXFrameworksBuildPhase;
			buildActionMask = 2147483647;
			files = (
			);
			runOnlyForDeploymentPostprocessing = 0;
		};
		37DA7E0E2E382885003DF666 /* Frameworks */ = {
			isa = PBXFrameworksBuildPhase;
			buildActionMask = 2147483647;
			files = (
			);
			runOnlyForDeploymentPostprocessing = 0;
		};
/* End PBXFrameworksBuildPhase section */

/* Begin PBXGroup section */
		37DA7DF02E382882003DF666 = {
			isa = PBXGroup;
			children = (
				37DA7DFB2E382882003DF666 /* Osanyin (Herbal Remedy) */,
				37DA7E0A2E382885003DF666 /* Osanyin (Herbal Remedy)Tests */,
				37DA7E142E382885003DF666 /* Osanyin (Herbal Remedy)UITests */,
				37DA7DFA2E382882003DF666 /* Products */,
			);
			sourceTree = "<group>";
		};
		37DA7DFA2E382882003DF666 /* Products */ = {
			isa = PBXGroup;
			children = (
				37DA7DF92E382882003DF666 /* Osanyin (Herbal Remedy).app */,
				37DA7E072E382885003DF666 /* Osanyin (Herbal Remedy)Tests.xctest */,
				37DA7E112E382885003DF666 /* Osanyin (Herbal Remedy)UITests.xctest */,
			);
			name = Products;
			sourceTree = "<group>";
		};
/* End PBXGroup section */

/* Begin PBXNativeTarget section */
		37DA7DF82E382882003DF666 /* Osanyin (Herbal Remedy) */ = {
			isa = PBXNativeTarget;
			buildConfigurationList = 37DA7E1B2E382885003DF666 /* Build configuration list for PBXNativeTarget "Osanyin (Herbal Remedy)" */;
			buildPhases = (
				37DA7DF52E382882003DF666 /* Sources */,
				37DA7DF62E382882003DF666 /* Frameworks */,
				37DA7DF72E382882003DF666 /* Resources */,
			);
			buildRules = (
			);
			dependencies = (
			);
			fileSystemSynchronizedGroups = (
				37DA7DFB2E382882003DF666 /* Osanyin (Herbal Remedy) */,
			);
			name = "Osanyin (Herbal Remedy)";
			packageProductDependencies = (
			);
			productName = "Osanyin (Herbal Remedy)";
			productReference = 37DA7DF92E382882003DF666 /* Osanyin (Herbal Remedy).app */;
			productType = "com.apple.product-type.application";
		};
		37DA7E062E382885003DF666 /* Osanyin (Herbal Remedy)Tests */ = {
			isa = PBXNativeTarget;
			buildConfigurationList = 37DA7E1E2E382885003DF666 /* Build configuration list for PBXNativeTarget "Osanyin (Herbal Remedy)Tests" */;
			buildPhases = (
				37DA7E032E382885003DF666 /* Sources */,
				37DA7E042E382885003DF666 /* Frameworks */,
				37DA7E052E382885003DF666 /* Resources */,
			);
			buildRules = (
			);
			dependencies = (
				37DA7E092E382885003DF666 /* PBXTargetDependency */,
			);
			fileSystemSynchronizedGroups = (
				37DA7E0A2E382885003DF666 /* Osanyin (Herbal Remedy)Tests */,
			);
			name = "Osanyin (Herbal Remedy)Tests";
			packageProductDependencies = (
			);
			productName = "Osanyin (Herbal Remedy)Tests";
			productReference = 37DA7E072E382885003DF666 /* Osanyin (Herbal Remedy)Tests.xctest */;
			productType = "com.apple.product-type.bundle.unit-test";
		};
		37DA7E102E382885003DF666 /* Osanyin (Herbal Remedy)UITests */ = {
			isa = PBXNativeTarget;
			buildConfigurationList = 37DA7E212E382885003DF666 /* Build configuration list for PBXNativeTarget "Osanyin (Herbal Remedy)UITests" */;
			buildPhases = (
				37DA7E0D2E382885003DF666 /* Sources */,
				37DA7E0E2E382885003DF666 /* Frameworks */,
				37DA7E0F2E382885003DF666 /* Resources */,
			);
			buildRules = (
			);
			dependencies = (
				37DA7E132E382885003DF666 /* PBXTargetDependency */,
			);
			fileSystemSynchronizedGroups = (
				37DA7E142E382885003DF666 /* Osanyin (Herbal Remedy)UITests */,
			);
			name = "Osanyin (Herbal Remedy)UITests";
			packageProductDependencies = (
			);
			productName = "Osanyin (Herbal Remedy)UITests";
			productReference = 37DA7E112E382885003DF666 /* Osanyin (Herbal Remedy)UITests.xctest */;
			productType = "com.apple.product-type.bundle.ui-testing";
		};
/* End PBXNativeTarget section */

/* Begin PBXProject section */
		37DA7DF12E382882003DF666 /* Project object */ = {
			isa = PBXProject;
			attributes = {
				BuildIndependentTargetsInParallel = 1;
				LastSwiftUpdateCheck = 1640;
				LastUpgradeCheck = 1640;
				TargetAttributes = {
					37DA7DF82E382882003DF666 = {
						CreatedOnToolsVersion = 16.4;
					};
					37DA7E062E382885003DF666 = {
						CreatedOnToolsVersion = 16.4;
						TestTargetID = 37DA7DF82E382882003DF666;
					};
					37DA7E102E382885003DF666 = {
						CreatedOnToolsVersion = 16.4;
						TestTargetID = 37DA7DF82E382882003DF666;
					};
				};
			};
			buildConfigurationList = 37DA7DF42E382882003DF666 /* Build configuration list for PBXProject "Osanyin (Herbal Remedy)" */;
			developmentRegion = en;
			hasScannedForEncodings = 0;
			knownRegions = (
				en,
				Base,
			);
			mainGroup = 37DA7DF02E382882003DF666;
			minimizedProjectReferenceProxies = 1;
			preferredProjectObjectVersion = 77;
			productRefGroup = 37DA7DFA2E382882003DF666 /* Products */;
			projectDirPath = "";
			projectRoot = "";
			targets = (
				37DA7DF82E382882003DF666 /* Osanyin (Herbal Remedy) */,
				37DA7E062E382885003DF666 /* Osanyin (Herbal Remedy)Tests */,
				37DA7E102E382885003DF666 /* Osanyin (Herbal Remedy)UITests */,
			);
		};
/* End PBXProject section */

/* Begin PBXResourcesBuildPhase section */
		37DA7DF72E382882003DF666 /* Resources */ = {
			isa = PBXResourcesBuildPhase;
			buildActionMask = 2147483647;
			files = (
			);
			runOnlyForDeploymentPostprocessing = 0;
		};
		37DA7E052E382885003DF666 /* Resources */ = {
			isa = PBXResourcesBuildPhase;
			buildActionMask = 2147483647;
			files = (
			);
			runOnlyForDeploymentPostprocessing = 0;
		};
		37DA7E0F2E382885003DF666 /* Resources */ = {
			isa = PBXResourcesBuildPhase;
			buildActionMask = 2147483647;
			files = (
			);
			runOnlyForDeploymentPostprocessing = 0;
		};
/* End PBXResourcesBuildPhase section */

/* Begin PBXSourcesBuildPhase section */
		37DA7DF52E382882003DF666 /* Sources */ = {
			isa = PBXSourcesBuildPhase;
			buildActionMask = 2147483647;
			files = (
			);
			runOnlyForDeploymentPostprocessing = 0;
		};
		37DA7E032E382885003DF666 /* Sources */ = {
			isa = PBXSourcesBuildPhase;
			buildActionMask = 2147483647;
			files = (
			);
			runOnlyForDeploymentPostprocessing = 0;
		};
		37DA7E0D2E382885003DF666 /* Sources */ = {
			isa = PBXSourcesBuildPhase;
			buildActionMask = 2147483647;
			files = (
			);
			runOnlyForDeploymentPostprocessing = 0;
		};
/* End PBXSourcesBuildPhase section */

/* Begin PBXTargetDependency section */
		37DA7E092E382885003DF666 /* PBXTargetDependency */ = {
			isa = PBXTargetDependency;
			target = 37DA7DF82E382882003DF666 /* Osanyin (Herbal Remedy) */;
			targetProxy = 37DA7E082E382885003DF666 /* PBXContainerItemProxy */;
		};
		37DA7E132E382885003DF666 /* PBXTargetDependency */ = {
			isa = PBXTargetDependency;
			target = 37DA7DF82E382882003DF666 /* Osanyin (Herbal Remedy) */;
			targetProxy = 37DA7E122E382885003DF666 /* PBXContainerItemProxy */;
		};
/* End PBXTargetDependency section */

/* Begin XCBuildConfiguration section */
		37DA7E192E382885003DF666 /* Debug */ = {
			isa = XCBuildConfiguration;
			buildSettings = {
				ALWAYS_SEARCH_USER_PATHS = NO;
				ASSETCATALOG_COMPILER_GENERATE_SWIFT_ASSET_SYMBOL_EXTENSIONS = YES;
				CLANG_ANALYZER_NONNULL = YES;
				CLANG_ANALYZER_NUMBER_OBJECT_CONVERSION = YES_AGGRESSIVE;
				CLANG_CXX_LANGUAGE_STANDARD = "gnu++20";
				CLANG_ENABLE_MODULES = YES;
				CLANG_ENABLE_OBJC_ARC = YES;
				CLANG_ENABLE_OBJC_WEAK = YES;
				CLANG_WARN_BLOCK_CAPTURE_AUTORELEASING = YES;
				CLANG_WARN_BOOL_CONVERSION = YES;
				CLANG_WARN_COMMA = YES;
				CLANG_WARN_CONSTANT_CONVERSION = YES;
				CLANG_WARN_DEPRECATED_OBJC_IMPLEMENTATIONS = YES;
				CLANG_WARN_DIRECT_OBJC_ISA_USAGE = YES_ERROR;
				CLANG_WARN_DOCUMENTATION_COMMENTS = YES;
				CLANG_WARN_EMPTY_BODY = YES;
				CLANG_WARN_ENUM_CONVERSION = YES;
				CLANG_WARN_INFINITE_RECURSION = YES;
				CLANG_WARN_INT_CONVERSION = YES;
				CLANG_WARN_NON_LITERAL_NULL_CONVERSION = YES;
				CLANG_WARN_OBJC_IMPLICIT_RETAIN_SELF = YES;
				CLANG_WARN_OBJC_LITERAL_CONVERSION = YES;
				CLANG_WARN_OBJC_ROOT_CLASS = YES_ERROR;
				CLANG_WARN_QUOTED_INCLUDE_IN_FRAMEWORK_HEADER = YES;
				CLANG_WARN_RANGE_LOOP_ANALYSIS = YES;
				CLANG_WARN_STRICT_PROTOTYPES = YES;
				CLANG_WARN_SUSPICIOUS_MOVE = YES;
				CLANG_WARN_UNGUARDED_AVAILABILITY = YES_AGGRESSIVE;
				CLANG_WARN_UNREACHABLE_CODE = YES;
				CLANG_WARN__DUPLICATE_METHOD_MATCH = YES;
				COPY_PHASE_STRIP = NO;
				DEBUG_INFORMATION_FORMAT = dwarf;
				DEVELOPMENT_TEAM = 6C9VQNG3W6;
				ENABLE_STRICT_OBJC_MSGSEND = YES;
				ENABLE_TESTABILITY = YES;
				ENABLE_USER_SCRIPT_SANDBOXING = YES;
				GCC_C_LANGUAGE_STANDARD = gnu17;
				GCC_DYNAMIC_NO_PIC = NO;
				GCC_NO_COMMON_BLOCKS = YES;
				GCC_OPTIMIZATION_LEVEL = 0;
				GCC_PREPROCESSOR_DEFINITIONS = (
					"DEBUG=1",
					"$(inherited)",
				);
				GCC_WARN_64_TO_32_BIT_CONVERSION = YES;
				GCC_WARN_ABOUT_RETURN_TYPE = YES_ERROR;
				GCC_WARN_UNDECLARED_SELECTOR = YES;
				GCC_WARN_UNINITIALIZED_AUTOS = YES_AGGRESSIVE;
				GCC_WARN_UNUSED_FUNCTION = YES;
				GCC_WARN_UNUSED_VARIABLE = YES;
				LOCALIZATION_PREFERS_STRING_CATALOGS = YES;
				MTL_ENABLE_DEBUG_INFO = INCLUDE_SOURCE;
				MTL_FAST_MATH = YES;
				ONLY_ACTIVE_ARCH = YES;
				SWIFT_ACTIVE_COMPILATION_CONDITIONS = "DEBUG $(inherited)";
				SWIFT_OPTIMIZATION_LEVEL = "-Onone";
			};
			name = Debug;
		};
		37DA7E1A2E382885003DF666 /* Release */ = {
			isa = XCBuildConfiguration;
			buildSettings = {
				ALWAYS_SEARCH_USER_PATHS = NO;
				ASSETCATALOG_COMPILER_GENERATE_SWIFT_ASSET_SYMBOL_EXTENSIONS = YES;
				CLANG_ANALYZER_NONNULL = YES;
				CLANG_ANALYZER_NUMBER_OBJECT_CONVERSION = YES_AGGRESSIVE;
				CLANG_CXX_LANGUAGE_STANDARD = "gnu++20";
				CLANG_ENABLE_MODULES = YES;
				CLANG_ENABLE_OBJC_ARC = YES;
				CLANG_ENABLE_OBJC_WEAK = YES;
				CLANG_WARN_BLOCK_CAPTURE_AUTORELEASING = YES;
				CLANG_WARN_BOOL_CONVERSION = YES;
				CLANG_WARN_COMMA = YES;
				CLANG_WARN_CONSTANT_CONVERSION = YES;
				CLANG_WARN_DEPRECATED_OBJC_IMPLEMENTATIONS = YES;
				CLANG_WARN_DIRECT_OBJC_ISA_USAGE = YES_ERROR;
				CLANG_WARN_DOCUMENTATION_COMMENTS = YES;
				CLANG_WARN_EMPTY_BODY = YES;
				CLANG_WARN_ENUM_CONVERSION = YES;
				CLANG_WARN_INFINITE_RECURSION = YES;
				CLANG_WARN_INT_CONVERSION = YES;
				CLANG_WARN_NON_LITERAL_NULL_CONVERSION = YES;
				CLANG_WARN_OBJC_IMPLICIT_RETAIN_SELF = YES;
				CLANG_WARN_OBJC_LITERAL_CONVERSION = YES;
				CLANG_WARN_OBJC_ROOT_CLASS = YES_ERROR;
				CLANG_WARN_QUOTED_INCLUDE_IN_FRAMEWORK_HEADER = YES;
				CLANG_WARN_RANGE_LOOP_ANALYSIS = YES;
				CLANG_WARN_STRICT_PROTOTYPES = YES;
				CLANG_WARN_SUSPICIOUS_MOVE = YES;
				CLANG_WARN_UNGUARDED_AVAILABILITY = YES_AGGRESSIVE;
				CLANG_WARN_UNREACHABLE_CODE = YES;
				CLANG_WARN__DUPLICATE_METHOD_MATCH = YES;
				COPY_PHASE_STRIP = NO;
				DEBUG_INFORMATION_FORMAT = "dwarf-with-dsym";
				DEVELOPMENT_TEAM = 6C9VQNG3W6;
				ENABLE_NS_ASSERTIONS = NO;
				ENABLE_STRICT_OBJC_MSGSEND = YES;
				ENABLE_USER_SCRIPT_SANDBOXING = YES;
				GCC_C_LANGUAGE_STANDARD = gnu17;
				GCC_NO_COMMON_BLOCKS = YES;
				GCC_WARN_64_TO_32_BIT_CONVERSION = YES;
				GCC_WARN_ABOUT_RETURN_TYPE = YES_ERROR;
				GCC_WARN_UNDECLARED_SELECTOR = YES;
				GCC_WARN_UNINITIALIZED_AUTOS = YES_AGGRESSIVE;
				GCC_WARN_UNUSED_FUNCTION = YES;
				GCC_WARN_UNUSED_VARIABLE = YES;
				LOCALIZATION_PREFERS_STRING_CATALOGS = YES;
				MTL_ENABLE_DEBUG_INFO = NO;
				MTL_FAST_MATH = YES;
				SWIFT_COMPILATION_MODE = wholemodule;
			};
			name = Release;
		};
		37DA7E1C2E382885003DF666 /* Debug */ = {
			isa = XCBuildConfiguration;
			buildSettings = {
				ASSETCATALOG_COMPILER_APPICON_NAME = AppIcon;
				ASSETCATALOG_COMPILER_GLOBAL_ACCENT_COLOR_NAME = AccentColor;
				CODE_SIGN_ENTITLEMENTS = "Osanyin (Herbal Remedy)/Osanyin__Herbal_Remedy_.entitlements";
				CODE_SIGN_STYLE = Automatic;
				CURRENT_PROJECT_VERSION = 1;
				DEVELOPMENT_TEAM = 6C9VQNG3W6;
				ENABLE_HARDENED_RUNTIME = YES;
				ENABLE_PREVIEWS = YES;
				GENERATE_INFOPLIST_FILE = YES;
				"INFOPLIST_KEY_UIApplicationSceneManifest_Generation[sdk=iphoneos*]" = YES;
				"INFOPLIST_KEY_UIApplicationSceneManifest_Generation[sdk=iphonesimulator*]" = YES;
				"INFOPLIST_KEY_UIApplicationSupportsIndirectInputEvents[sdk=iphoneos*]" = YES;
				"INFOPLIST_KEY_UIApplicationSupportsIndirectInputEvents[sdk=iphonesimulator*]" = YES;
				"INFOPLIST_KEY_UILaunchScreen_Generation[sdk=iphoneos*]" = YES;
				"INFOPLIST_KEY_UILaunchScreen_Generation[sdk=iphonesimulator*]" = YES;
				"INFOPLIST_KEY_UIStatusBarStyle[sdk=iphoneos*]" = UIStatusBarStyleDefault;
				"INFOPLIST_KEY_UIStatusBarStyle[sdk=iphonesimulator*]" = UIStatusBarStyleDefault;
				INFOPLIST_KEY_UISupportedInterfaceOrientations_iPad = "UIInterfaceOrientationPortrait UIInterfaceOrientationPortraitUpsideDown UIInterfaceOrientationLandscapeLeft UIInterfaceOrientationLandscapeRight";
				INFOPLIST_KEY_UISupportedInterfaceOrientations_iPhone = "UIInterfaceOrientationPortrait UIInterfaceOrientationLandscapeLeft UIInterfaceOrientationLandscapeRight";
				IPHONEOS_DEPLOYMENT_TARGET = 18.5;
				LD_RUNPATH_SEARCH_PATHS = "@executable_path/Frameworks";
				"LD_RUNPATH_SEARCH_PATHS[sdk=macosx*]" = "@executable_path/../Frameworks";
				MACOSX_DEPLOYMENT_TARGET = 15.4;
				MARKETING_VERSION = 1.0;
				PRODUCT_BUNDLE_IDENTIFIER = "LLC.WeRep.Osanyin--Herbal-Remedy-";
				PRODUCT_NAME = "$(TARGET_NAME)";
				REGISTER_APP_GROUPS = YES;
				SDKROOT = auto;
				SUPPORTED_PLATFORMS = "iphoneos iphonesimulator macosx xros xrsimulator";
				SWIFT_EMIT_LOC_STRINGS = YES;
				SWIFT_VERSION = 5.0;
				TARGETED_DEVICE_FAMILY = "1,2,7";
				XROS_DEPLOYMENT_TARGET = 2.5;
			};
			name = Debug;
		};
		37DA7E1D2E382885003DF666 /* Release */ = {
			isa = XCBuildConfiguration;
			buildSettings = {
				ASSETCATALOG_COMPILER_APPICON_NAME = AppIcon;
				ASSETCATALOG_COMPILER_GLOBAL_ACCENT_COLOR_NAME = AccentColor;
				CODE_SIGN_ENTITLEMENTS = "Osanyin (Herbal Remedy)/Osanyin__Herbal_Remedy_.entitlements";
				CODE_SIGN_STYLE = Automatic;
				CURRENT_PROJECT_VERSION = 1;
				DEVELOPMENT_TEAM = 6C9VQNG3W6;
				ENABLE_HARDENED_RUNTIME = YES;
				ENABLE_PREVIEWS = YES;
				GENERATE_INFOPLIST_FILE = YES;
				"INFOPLIST_KEY_UIApplicationSceneManifest_Generation[sdk=iphoneos*]" = YES;
				"INFOPLIST_KEY_UIApplicationSceneManifest_Generation[sdk=iphonesimulator*]" = YES;
				"INFOPLIST_KEY_UIApplicationSupportsIndirectInputEvents[sdk=iphoneos*]" = YES;
				"INFOPLIST_KEY_UIApplicationSupportsIndirectInputEvents[sdk=iphonesimulator*]" = YES;
				"INFOPLIST_KEY_UILaunchScreen_Generation[sdk=iphoneos*]" = YES;
				"INFOPLIST_KEY_UILaunchScreen_Generation[sdk=iphonesimulator*]" = YES;
				"INFOPLIST_KEY_UIStatusBarStyle[sdk=iphoneos*]" = UIStatusBarStyleDefault;
				"INFOPLIST_KEY_UIStatusBarStyle[sdk=iphonesimulator*]" = UIStatusBarStyleDefault;
				INFOPLIST_KEY_UISupportedInterfaceOrientations_iPad = "UIInterfaceOrientationPortrait UIInterfaceOrientationPortraitUpsideDown UIInterfaceOrientationLandscapeLeft UIInterfaceOrientationLandscapeRight";
				INFOPLIST_KEY_UISupportedInterfaceOrientations_iPhone = "UIInterfaceOrientationPortrait UIInterfaceOrientationLandscapeLeft UIInterfaceOrientationLandscapeRight";
				IPHONEOS_DEPLOYMENT_TARGET = 18.5;
				LD_RUNPATH_SEARCH_PATHS = "@executable_path/Frameworks";
				"LD_RUNPATH_SEARCH_PATHS[sdk=macosx*]" = "@executable_path/../Frameworks";
				MACOSX_DEPLOYMENT_TARGET = 15.4;
				MARKETING_VERSION = 1.0;
				PRODUCT_BUNDLE_IDENTIFIER = "LLC.WeRep.Osanyin--Herbal-Remedy-";
				PRODUCT_NAME = "$(TARGET_NAME)";
				REGISTER_APP_GROUPS = YES;
				SDKROOT = auto;
				SUPPORTED_PLATFORMS = "iphoneos iphonesimulator macosx xros xrsimulator";
				SWIFT_EMIT_LOC_STRINGS = YES;
				SWIFT_VERSION = 5.0;
				TARGETED_DEVICE_FAMILY = "1,2,7";
				XROS_DEPLOYMENT_TARGET = 2.5;
			};
			name = Release;
		};
		37DA7E1F2E382885003DF666 /* Debug */ = {
			isa = XCBuildConfiguration;
			buildSettings = {
				BUNDLE_LOADER = "$(TEST_HOST)";
				CODE_SIGN_STYLE = Automatic;
				CURRENT_PROJECT_VERSION = 1;
				DEVELOPMENT_TEAM = 6C9VQNG3W6;
				GENERATE_INFOPLIST_FILE = YES;
				IPHONEOS_DEPLOYMENT_TARGET = 18.5;
				MACOSX_DEPLOYMENT_TARGET = 15.4;
				MARKETING_VERSION = 1.0;
				PRODUCT_BUNDLE_IDENTIFIER = "LLC.WeRep.Osanyin--Herbal-Remedy-Tests";
				PRODUCT_NAME = "$(TARGET_NAME)";
				SDKROOT = auto;
				SUPPORTED_PLATFORMS = "iphoneos iphonesimulator macosx xros xrsimulator";
				SWIFT_EMIT_LOC_STRINGS = NO;
				SWIFT_VERSION = 5.0;
				TARGETED_DEVICE_FAMILY = "1,2,7";
				TEST_HOST = "$(BUILT_PRODUCTS_DIR)/Osanyin (Herbal Remedy).app/$(BUNDLE_EXECUTABLE_FOLDER_PATH)/Osanyin (Herbal Remedy)";
				XROS_DEPLOYMENT_TARGET = 2.5;
			};
			name = Debug;
		};
		37DA7E202E382885003DF666 /* Release */ = {
			isa = XCBuildConfiguration;
			buildSettings = {
				BUNDLE_LOADER = "$(TEST_HOST)";
				CODE_SIGN_STYLE = Automatic;
				CURRENT_PROJECT_VERSION = 1;
				DEVELOPMENT_TEAM = 6C9VQNG3W6;
				GENERATE_INFOPLIST_FILE = YES;
				IPHONEOS_DEPLOYMENT_TARGET = 18.5;
				MACOSX_DEPLOYMENT_TARGET = 15.4;
				MARKETING_VERSION = 1.0;
				PRODUCT_BUNDLE_IDENTIFIER = "LLC.WeRep.Osanyin--Herbal-Remedy-Tests";
				PRODUCT_NAME = "$(TARGET_NAME)";
				SDKROOT = auto;
				SUPPORTED_PLATFORMS = "iphoneos iphonesimulator macosx xros xrsimulator";
				SWIFT_EMIT_LOC_STRINGS = NO;
				SWIFT_VERSION = 5.0;
				TARGETED_DEVICE_FAMILY = "1,2,7";
				TEST_HOST = "$(BUILT_PRODUCTS_DIR)/Osanyin (Herbal Remedy).app/$(BUNDLE_EXECUTABLE_FOLDER_PATH)/Osanyin (Herbal Remedy)";
				XROS_DEPLOYMENT_TARGET = 2.5;
			};
			name = Release;
		};
		37DA7E222E382885003DF666 /* Debug */ = {
			isa = XCBuildConfiguration;
			buildSettings = {
				CODE_SIGN_STYLE = Automatic;
				CURRENT_PROJECT_VERSION = 1;
				DEVELOPMENT_TEAM = 6C9VQNG3W6;
				GENERATE_INFOPLIST_FILE = YES;
				IPHONEOS_DEPLOYMENT_TARGET = 18.5;
				MACOSX_DEPLOYMENT_TARGET = 15.4;
				MARKETING_VERSION = 1.0;
				PRODUCT_BUNDLE_IDENTIFIER = "LLC.WeRep.Osanyin--Herbal-Remedy-UITests";
				PRODUCT_NAME = "$(TARGET_NAME)";
				SDKROOT = auto;
				SUPPORTED_PLATFORMS = "iphoneos iphonesimulator macosx xros xrsimulator";
				SWIFT_EMIT_LOC_STRINGS = NO;
				SWIFT_VERSION = 5.0;
				TARGETED_DEVICE_FAMILY = "1,2,7";
				TEST_TARGET_NAME = "Osanyin (Herbal Remedy)";
				XROS_DEPLOYMENT_TARGET = 2.5;
			};
			name = Debug;
		};
		37DA7E232E382885003DF666 /* Release */ = {
			isa = XCBuildConfiguration;
			buildSettings = {
				CODE_SIGN_STYLE = Automatic;
				CURRENT_PROJECT_VERSION = 1;
				DEVELOPMENT_TEAM = 6C9VQNG3W6;
				GENERATE_INFOPLIST_FILE = YES;
				IPHONEOS_DEPLOYMENT_TARGET = 18.5;
				MACOSX_DEPLOYMENT_TARGET = 15.4;
				MARKETING_VERSION = 1.0;
				PRODUCT_BUNDLE_IDENTIFIER = "LLC.WeRep.Osanyin--Herbal-Remedy-UITests";
				PRODUCT_NAME = "$(TARGET_NAME)";
				SDKROOT = auto;
				SUPPORTED_PLATFORMS = "iphoneos iphonesimulator macosx xros xrsimulator";
				SWIFT_EMIT_LOC_STRINGS = NO;
				SWIFT_VERSION = 5.0;
				TARGETED_DEVICE_FAMILY = "1,2,7";
				TEST_TARGET_NAME = "Osanyin (Herbal Remedy)";
				XROS_DEPLOYMENT_TARGET = 2.5;
			};
			name = Release;
		};
/* End XCBuildConfiguration section */

/* Begin XCConfigurationList section */
		37DA7DF42E382882003DF666 /* Build configuration list for PBXProject "Osanyin (Herbal Remedy)" */ = {
			isa = XCConfigurationList;
			buildConfigurations = (
				37DA7E192E382885003DF666 /* Debug */,
				37DA7E1A2E382885003DF666 /* Release */,
			);
			defaultConfigurationIsVisible = 0;
			defaultConfigurationName = Release;
		};
		37DA7E1B2E382885003DF666 /* Build configuration list for PBXNativeTarget "Osanyin (Herbal Remedy)" */ = {
			isa = XCConfigurationList;
			buildConfigurations = (
				37DA7E1C2E382885003DF666 /* Debug */,
				37DA7E1D2E382885003DF666 /* Release */,
			);
			defaultConfigurationIsVisible = 0;
			defaultConfigurationName = Release;
		};
		37DA7E1E2E382885003DF666 /* Build configuration list for PBXNativeTarget "Osanyin (Herbal Remedy)Tests" */ = {
			isa = XCConfigurationList;
			buildConfigurations = (
				37DA7E1F2E382885003DF666 /* Debug */,
				37DA7E202E382885003DF666 /* Release */,
			);
			defaultConfigurationIsVisible = 0;
			defaultConfigurationName = Release;
		};
		37DA7E212E382885003DF666 /* Build configuration list for PBXNativeTarget "Osanyin (Herbal Remedy)UITests" */ = {
			isa = XCConfigurationList;
			buildConfigurations = (
				37DA7E222E382885003DF666 /* Debug */,
				37DA7E232E382885003DF666 /* Release */,
			);
			defaultConfigurationIsVisible = 0;
			defaultConfigurationName = Release;
		};
/* End XCConfigurationList section */
	};
	rootObject = 37DA7DF12E382882003DF666 /* Project object */;
}
